// !$*UTF8*$!
{
	archiveVersion = 1;
	classes = {
	};
	objectVersion = 46;
	objects = {

/* Begin PBXBuildFile section */
		449B3DB21EE6890800661FA7 /* main.m in Sources */ = {isa = PBXBuildFile; fileRef = 449B3DB11EE6890800661FA7 /* main.m */; };
		449B3DB51EE6890800661FA7 /* AppDelegate.m in Sources */ = {isa = PBXBuildFile; fileRef = 449B3DB41EE6890800661FA7 /* AppDelegate.m */; };
		449B3DB81EE6890800661FA7 /* ViewController.m in Sources */ = {isa = PBXBuildFile; fileRef = 449B3DB71EE6890800661FA7 /* ViewController.m */; };
		449B3DBB1EE6890800661FA7 /* Main.storyboard in Resources */ = {isa = PBXBuildFile; fileRef = 449B3DB91EE6890800661FA7 /* Main.storyboard */; };
		449B3DBD1EE6890800661FA7 /* Assets.xcassets in Resources */ = {isa = PBXBuildFile; fileRef = 449B3DBC1EE6890800661FA7 /* Assets.xcassets */; };
		449B3DC01EE6890800661FA7 /* LaunchScreen.storyboard in Resources */ = {isa = PBXBuildFile; fileRef = 449B3DBE1EE6890800661FA7 /* LaunchScreen.storyboard */; };
		449B3DCB1EE6890900661FA7 /* DrawerDemoTests.m in Sources */ = {isa = PBXBuildFile; fileRef = 449B3DCA1EE6890900661FA7 /* DrawerDemoTests.m */; };
		449B3DD61EE6890900661FA7 /* DrawerDemoUITests.m in Sources */ = {isa = PBXBuildFile; fileRef = 449B3DD51EE6890900661FA7 /* DrawerDemoUITests.m */; };
		449B3DE81EE6899000661FA7 /* MainViewController.m in Sources */ = {isa = PBXBuildFile; fileRef = 449B3DE71EE6899000661FA7 /* MainViewController.m */; };
		449B3DEB1EE698F100661FA7 /* LeftMenuViewController.m in Sources */ = {isa = PBXBuildFile; fileRef = 449B3DEA1EE698F100661FA7 /* LeftMenuViewController.m */; };
		449B3DEE1EE6991500661FA7 /* HomeViewController.m in Sources */ = {isa = PBXBuildFile; fileRef = 449B3DED1EE6991500661FA7 /* HomeViewController.m */; };
/* End PBXBuildFile section */

/* Begin PBXContainerItemProxy section */
		449B3DC71EE6890900661FA7 /* PBXContainerItemProxy */ = {
			isa = PBXContainerItemProxy;
			containerPortal = 449B3DA51EE6890800661FA7 /* Project object */;
			proxyType = 1;
			remoteGlobalIDString = 449B3DAC1EE6890800661FA7;
			remoteInfo = DrawerDemo;
		};
		449B3DD21EE6890900661FA7 /* PBXContainerItemProxy */ = {
			isa = PBXContainerItemProxy;
			containerPortal = 449B3DA51EE6890800661FA7 /* Project object */;
			proxyType = 1;
			remoteGlobalIDString = 449B3DAC1EE6890800661FA7;
			remoteInfo = DrawerDemo;
		};
/* End PBXContainerItemProxy section */

/* Begin PBXFileReference section */
		449B3DAD1EE6890800661FA7 /* DrawerDemo.app */ = {isa = PBXFileReference; explicitFileType = wrapper.application; includeInIndex = 0; path = DrawerDemo.app; sourceTree = BUILT_PRODUCTS_DIR; };
		449B3DB11EE6890800661FA7 /* main.m */ = {isa = PBXFileReference; lastKnownFileType = sourcecode.c.objc; path = main.m; sourceTree = "<group>"; };
		449B3DB31EE6890800661FA7 /* AppDelegate.h */ = {isa = PBXFileReference; lastKnownFileType = sourcecode.c.h; path = AppDelegate.h; sourceTree = "<group>"; };
		449B3DB41EE6890800661FA7 /* AppDelegate.m */ = {isa = PBXFileReference; lastKnownFileType = sourcecode.c.objc; path = AppDelegate.m; sourceTree = "<group>"; };
		449B3DB61EE6890800661FA7 /* ViewController.h */ = {isa = PBXFileReference; lastKnownFileType = sourcecode.c.h; path = ViewController.h; sourceTree = "<group>"; };
		449B3DB71EE6890800661FA7 /* ViewController.m */ = {isa = PBXFileReference; lastKnownFileType = sourcecode.c.objc; path = ViewController.m; sourceTree = "<group>"; };
		449B3DBA1EE6890800661FA7 /* Base */ = {isa = PBXFileReference; lastKnownFileType = file.storyboard; name = Base; path = Base.lproj/Main.storyboard; sourceTree = "<group>"; };
		449B3DBC1EE6890800661FA7 /* Assets.xcassets */ = {isa = PBXFileReference; lastKnownFileType = folder.assetcatalog; path = Assets.xcassets; sourceTree = "<group>"; };
		449B3DBF1EE6890800661FA7 /* Base */ = {isa = PBXFileReference; lastKnownFileType = file.storyboard; name = Base; path = Base.lproj/LaunchScreen.storyboard; sourceTree = "<group>"; };
		449B3DC11EE6890800661FA7 /* Info.plist */ = {isa = PBXFileReference; lastKnownFileType = text.plist.xml; path = Info.plist; sourceTree = "<group>"; };
		449B3DC61EE6890900661FA7 /* DrawerDemoTests.xctest */ = {isa = PBXFileReference; explicitFileType = wrapper.cfbundle; includeInIndex = 0; path = DrawerDemoTests.xctest; sourceTree = BUILT_PRODUCTS_DIR; };
		449B3DCA1EE6890900661FA7 /* DrawerDemoTests.m */ = {isa = PBXFileReference; lastKnownFileType = sourcecode.c.objc; path = DrawerDemoTests.m; sourceTree = "<group>"; };
		449B3DCC1EE6890900661FA7 /* Info.plist */ = {isa = PBXFileReference; lastKnownFileType = text.plist.xml; path = Info.plist; sourceTree = "<group>"; };
		449B3DD11EE6890900661FA7 /* DrawerDemoUITests.xctest */ = {isa = PBXFileReference; explicitFileType = wrapper.cfbundle; includeInIndex = 0; path = DrawerDemoUITests.xctest; sourceTree = BUILT_PRODUCTS_DIR; };
		449B3DD51EE6890900661FA7 /* DrawerDemoUITests.m */ = {isa = PBXFileReference; lastKnownFileType = sourcecode.c.objc; path = DrawerDemoUITests.m; sourceTree = "<group>"; };
		449B3DD71EE6890900661FA7 /* Info.plist */ = {isa = PBXFileReference; lastKnownFileType = text.plist.xml; path = Info.plist; sourceTree = "<group>"; };
		449B3DE61EE6899000661FA7 /* MainViewController.h */ = {isa = PBXFileReference; fileEncoding = 4; lastKnownFileType = sourcecode.c.h; path = MainViewController.h; sourceTree = "<group>"; };
		449B3DE71EE6899000661FA7 /* MainViewController.m */ = {isa = PBXFileReference; fileEncoding = 4; lastKnownFileType = sourcecode.c.objc; path = MainViewController.m; sourceTree = "<group>"; };
		449B3DE91EE698F100661FA7 /* LeftMenuViewController.h */ = {isa = PBXFileReference; fileEncoding = 4; lastKnownFileType = sourcecode.c.h; path = LeftMenuViewController.h; sourceTree = "<group>"; };
		449B3DEA1EE698F100661FA7 /* LeftMenuViewController.m */ = {isa = PBXFileReference; fileEncoding = 4; lastKnownFileType = sourcecode.c.objc; path = LeftMenuViewController.m; sourceTree = "<group>"; };
		449B3DEC1EE6991500661FA7 /* HomeViewController.h */ = {isa = PBXFileReference; fileEncoding = 4; lastKnownFileType = sourcecode.c.h; path = HomeViewController.h; sourceTree = "<group>"; };
		449B3DED1EE6991500661FA7 /* HomeViewController.m */ = {isa = PBXFileReference; fileEncoding = 4; lastKnownFileType = sourcecode.c.objc; path = HomeViewController.m; sourceTree = "<group>"; };
/* End PBXFileReference section */

/* Begin PBXFrameworksBuildPhase section */
		449B3DAA1EE6890800661FA7 /* Frameworks */ = {
			isa = PBXFrameworksBuildPhase;
			buildActionMask = 2147483647;
			files = (
			);
			runOnlyForDeploymentPostprocessing = 0;
		};
		449B3DC31EE6890900661FA7 /* Frameworks */ = {
			isa = PBXFrameworksBuildPhase;
			buildActionMask = 2147483647;
			files = (
			);
			runOnlyForDeploymentPostprocessing = 0;
		};
		449B3DCE1EE6890900661FA7 /* Frameworks */ = {
			isa = PBXFrameworksBuildPhase;
			buildActionMask = 2147483647;
			files = (
			);
			runOnlyForDeploymentPostprocessing = 0;
		};
/* End PBXFrameworksBuildPhase section */

/* Begin PBXGroup section */
		449B3DA41EE6890800661FA7 = {
			isa = PBXGroup;
			children = (
				449B3DAF1EE6890800661FA7 /* DrawerDemo */,
				449B3DC91EE6890900661FA7 /* DrawerDemoTests */,
				449B3DD41EE6890900661FA7 /* DrawerDemoUITests */,
				449B3DAE1EE6890800661FA7 /* Products */,
			);
			sourceTree = "<group>";
		};
		449B3DAE1EE6890800661FA7 /* Products */ = {
			isa = PBXGroup;
			children = (
				449B3DAD1EE6890800661FA7 /* DrawerDemo.app */,
				449B3DC61EE6890900661FA7 /* DrawerDemoTests.xctest */,
				449B3DD11EE6890900661FA7 /* DrawerDemoUITests.xctest */,
			);
			name = Products;
			sourceTree = "<group>";
		};
		449B3DAF1EE6890800661FA7 /* DrawerDemo */ = {
			isa = PBXGroup;
			children = (
				449B3DE51EE6897600661FA7 /* Drawer */,
				449B3DB31EE6890800661FA7 /* AppDelegate.h */,
				449B3DB41EE6890800661FA7 /* AppDelegate.m */,
				449B3DE91EE698F100661FA7 /* LeftMenuViewController.h */,
				449B3DEA1EE698F100661FA7 /* LeftMenuViewController.m */,
				449B3DEC1EE6991500661FA7 /* HomeViewController.h */,
				449B3DED1EE6991500661FA7 /* HomeViewController.m */,
				449B3DB61EE6890800661FA7 /* ViewController.h */,
				449B3DB71EE6890800661FA7 /* ViewController.m */,
				449B3DB91EE6890800661FA7 /* Main.storyboard */,
				449B3DBC1EE6890800661FA7 /* Assets.xcassets */,
				449B3DBE1EE6890800661FA7 /* LaunchScreen.storyboard */,
				449B3DC11EE6890800661FA7 /* Info.plist */,
				449B3DB01EE6890800661FA7 /* Supporting Files */,
			);
			path = DrawerDemo;
			sourceTree = "<group>";
		};
		449B3DB01EE6890800661FA7 /* Supporting Files */ = {
			isa = PBXGroup;
			children = (
				449B3DB11EE6890800661FA7 /* main.m */,
			);
			name = "Supporting Files";
			sourceTree = "<group>";
		};
		449B3DC91EE6890900661FA7 /* DrawerDemoTests */ = {
			isa = PBXGroup;
			children = (
				449B3DCA1EE6890900661FA7 /* DrawerDemoTests.m */,
				449B3DCC1EE6890900661FA7 /* Info.plist */,
			);
			path = DrawerDemoTests;
			sourceTree = "<group>";
		};
		449B3DD41EE6890900661FA7 /* DrawerDemoUITests */ = {
			isa = PBXGroup;
			children = (
				449B3DD51EE6890900661FA7 /* DrawerDemoUITests.m */,
				449B3DD71EE6890900661FA7 /* Info.plist */,
			);
			path = DrawerDemoUITests;
			sourceTree = "<group>";
		};
		449B3DE51EE6897600661FA7 /* Drawer */ = {
			isa = PBXGroup;
			children = (
				449B3DE61EE6899000661FA7 /* MainViewController.h */,
				449B3DE71EE6899000661FA7 /* MainViewController.m */,
			);
			path = Drawer;
			sourceTree = "<group>";
		};
/* End PBXGroup section */

/* Begin PBXNativeTarget section */
		449B3DAC1EE6890800661FA7 /* DrawerDemo */ = {
			isa = PBXNativeTarget;
			buildConfigurationList = 449B3DDA1EE6890900661FA7 /* Build configuration list for PBXNativeTarget "DrawerDemo" */;
			buildPhases = (
				449B3DA91EE6890800661FA7 /* Sources */,
				449B3DAA1EE6890800661FA7 /* Frameworks */,
				449B3DAB1EE6890800661FA7 /* Resources */,
			);
			buildRules = (
			);
			dependencies = (
			);
			name = DrawerDemo;
			productName = DrawerDemo;
			productReference = 449B3DAD1EE6890800661FA7 /* DrawerDemo.app */;
			productType = "com.apple.product-type.application";
		};
		449B3DC51EE6890900661FA7 /* DrawerDemoTests */ = {
			isa = PBXNativeTarget;
			buildConfigurationList = 449B3DDD1EE6890900661FA7 /* Build configuration list for PBXNativeTarget "DrawerDemoTests" */;
			buildPhases = (
				449B3DC21EE6890900661FA7 /* Sources */,
				449B3DC31EE6890900661FA7 /* Frameworks */,
				449B3DC41EE6890900661FA7 /* Resources */,
			);
			buildRules = (
			);
			dependencies = (
				449B3DC81EE6890900661FA7 /* PBXTargetDependency */,
			);
			name = DrawerDemoTests;
			productName = DrawerDemoTests;
			productReference = 449B3DC61EE6890900661FA7 /* DrawerDemoTests.xctest */;
			productType = "com.apple.product-type.bundle.unit-test";
		};
		449B3DD01EE6890900661FA7 /* DrawerDemoUITests */ = {
			isa = PBXNativeTarget;
			buildConfigurationList = 449B3DE01EE6890900661FA7 /* Build configuration list for PBXNativeTarget "DrawerDemoUITests" */;
			buildPhases = (
				449B3DCD1EE6890900661FA7 /* Sources */,
				449B3DCE1EE6890900661FA7 /* Frameworks */,
				449B3DCF1EE6890900661FA7 /* Resources */,
			);
			buildRules = (
			);
			dependencies = (
				449B3DD31EE6890900661FA7 /* PBXTargetDependency */,
			);
			name = DrawerDemoUITests;
			productName = DrawerDemoUITests;
			productReference = 449B3DD11EE6890900661FA7 /* DrawerDemoUITests.xctest */;
			productType = "com.apple.product-type.bundle.ui-testing";
		};
/* End PBXNativeTarget section */

/* Begin PBXProject section */
		449B3DA51EE6890800661FA7 /* Project object */ = {
			isa = PBXProject;
			attributes = {
				LastUpgradeCheck = 0830;
				ORGANIZATIONNAME = "刘高升";
				TargetAttributes = {
					449B3DAC1EE6890800661FA7 = {
						CreatedOnToolsVersion = 8.3.2;
						ProvisioningStyle = Automatic;
					};
					449B3DC51EE6890900661FA7 = {
						CreatedOnToolsVersion = 8.3.2;
						ProvisioningStyle = Automatic;
						TestTargetID = 449B3DAC1EE6890800661FA7;
					};
					449B3DD01EE6890900661FA7 = {
						CreatedOnToolsVersion = 8.3.2;
						ProvisioningStyle = Automatic;
						TestTargetID = 449B3DAC1EE6890800661FA7;
					};
				};
			};
			buildConfigurationList = 449B3DA81EE6890800661FA7 /* Build configuration list for PBXProject "DrawerDemo" */;
			compatibilityVersion = "Xcode 3.2";
			developmentRegion = English;
			hasScannedForEncodings = 0;
			knownRegions = (
				en,
				Base,
			);
			mainGroup = 449B3DA41EE6890800661FA7;
			productRefGroup = 449B3DAE1EE6890800661FA7 /* Products */;
			projectDirPath = "";
			projectRoot = "";
			targets = (
				449B3DAC1EE6890800661FA7 /* DrawerDemo */,
				449B3DC51EE6890900661FA7 /* DrawerDemoTests */,
				449B3DD01EE6890900661FA7 /* DrawerDemoUITests */,
			);
		};
/* End PBXProject section */

/* Begin PBXResourcesBuildPhase section */
		449B3DAB1EE6890800661FA7 /* Resources */ = {
			isa = PBXResourcesBuildPhase;
			buildActionMask = 2147483647;
			files = (
				449B3DC01EE6890800661FA7 /* LaunchScreen.storyboard in Resources */,
				449B3DBD1EE6890800661FA7 /* Assets.xcassets in Resources */,
				449B3DBB1EE6890800661FA7 /* Main.storyboard in Resources */,
			);
			runOnlyForDeploymentPostprocessing = 0;
		};
		449B3DC41EE6890900661FA7 /* Resources */ = {
			isa = PBXResourcesBuildPhase;
			buildActionMask = 2147483647;
			files = (
			);
			runOnlyForDeploymentPostprocessing = 0;
		};
		449B3DCF1EE6890900661FA7 /* Resources */ = {
			isa = PBXResourcesBuildPhase;
			buildActionMask = 2147483647;
			files = (
			);
			runOnlyForDeploymentPostprocessing = 0;
		};
/* End PBXResourcesBuildPhase section */

/* Begin PBXSourcesBuildPhase section */
		449B3DA91EE6890800661FA7 /* Sources */ = {
			isa = PBXSourcesBuildPhase;
			buildActionMask = 2147483647;
			files = (
				449B3DB81EE6890800661FA7 /* ViewController.m in Sources */,
				449B3DB51EE6890800661FA7 /* AppDelegate.m in Sources */,
				449B3DB21EE6890800661FA7 /* main.m in Sources */,
				449B3DEB1EE698F100661FA7 /* LeftMenuViewController.m in Sources */,
				449B3DE81EE6899000661FA7 /* MainViewController.m in Sources */,
				449B3DEE1EE6991500661FA7 /* HomeViewController.m in Sources */,
			);
			runOnlyForDeploymentPostprocessing = 0;
		};
		449B3DC21EE6890900661FA7 /* Sources */ = {
			isa = PBXSourcesBuildPhase;
			buildActionMask = 2147483647;
			files = (
				449B3DCB1EE6890900661FA7 /* DrawerDemoTests.m in Sources */,
			);
			runOnlyForDeploymentPostprocessing = 0;
		};
		449B3DCD1EE6890900661FA7 /* Sources */ = {
			isa = PBXSourcesBuildPhase;
			buildActionMask = 2147483647;
			files = (
				449B3DD61EE6890900661FA7 /* DrawerDemoUITests.m in Sources */,
			);
			runOnlyForDeploymentPostprocessing = 0;
		};
/* End PBXSourcesBuildPhase section */

/* Begin PBXTargetDependency section */
		449B3DC81EE6890900661FA7 /* PBXTargetDependency */ = {
			isa = PBXTargetDependency;
			target = 449B3DAC1EE6890800661FA7 /* DrawerDemo */;
			targetProxy = 449B3DC71EE6890900661FA7 /* PBXContainerItemProxy */;
		};
		449B3DD31EE6890900661FA7 /* PBXTargetDependency */ = {
			isa = PBXTargetDependency;
			target = 449B3DAC1EE6890800661FA7 /* DrawerDemo */;
			targetProxy = 449B3DD21EE6890900661FA7 /* PBXContainerItemProxy */;
		};
/* End PBXTargetDependency section */

/* Begin PBXVariantGroup section */
		449B3DB91EE6890800661FA7 /* Main.storyboard */ = {
			isa = PBXVariantGroup;
			children = (
				449B3DBA1EE6890800661FA7 /* Base */,
			);
			name = Main.storyboard;
			sourceTree = "<group>";
		};
		449B3DBE1EE6890800661FA7 /* LaunchScreen.storyboard */ = {
			isa = PBXVariantGroup;
			children = (
				449B3DBF1EE6890800661FA7 /* Base */,
			);
			name = LaunchScreen.storyboard;
			sourceTree = "<group>";
		};
/* End PBXVariantGroup section */

/* Begin XCBuildConfiguration section */
		449B3DD81EE6890900661FA7 /* Debug */ = {
			isa = XCBuildConfiguration;
			buildSettings = {
				ALWAYS_SEARCH_USER_PATHS = NO;
				CLANG_ANALYZER_NONNULL = YES;
				CLANG_ANALYZER_NUMBER_OBJECT_CONVERSION = YES_AGGRESSIVE;
				CLANG_CXX_LANGUAGE_STANDARD = "gnu++0x";
				CLANG_CXX_LIBRARY = "libc++";
				CLANG_ENABLE_MODULES = YES;
				CLANG_ENABLE_OBJC_ARC = YES;
				CLANG_WARN_BOOL_CONVERSION = YES;
				CLANG_WARN_CONSTANT_CONVERSION = YES;
				CLANG_WARN_DIRECT_OBJC_ISA_USAGE = YES_ERROR;
				CLANG_WARN_DOCUMENTATION_COMMENTS = YES;
				CLANG_WARN_EMPTY_BODY = YES;
				CLANG_WARN_ENUM_CONVERSION = YES;
				CLANG_WARN_INFINITE_RECURSION = YES;
				CLANG_WARN_INT_CONVERSION = YES;
				CLANG_WARN_OBJC_ROOT_CLASS = YES_ERROR;
				CLANG_WARN_SUSPICIOUS_MOVE = YES;
				CLANG_WARN_UNREACHABLE_CODE = YES;
				CLANG_WARN__DUPLICATE_METHOD_MATCH = YES;
				"CODE_SIGN_IDENTITY[sdk=iphoneos*]" = "iPhone Developer";
				COPY_PHASE_STRIP = NO;
				DEBUG_INFORMATION_FORMAT = dwarf;
				ENABLE_STRICT_OBJC_MSGSEND = YES;
				ENABLE_TESTABILITY = YES;
				GCC_C_LANGUAGE_STANDARD = gnu99;
				GCC_DYNAMIC_NO_PIC = NO;
				GCC_NO_COMMON_BLOCKS = YES;
				GCC_OPTIMIZATION_LEVEL = 0;
				GCC_PREPROCESSOR_DEFINITIONS = (
					"DEBUG=1",
					"$(inherited)",
				);
				GCC_WARN_64_TO_32_BIT_CONVERSION = YES;
				GCC_WARN_ABOUT_RETURN_TYPE = YES_ERROR;
				GCC_WARN_UNDECLARED_SELECTOR = YES;
				GCC_WARN_UNINITIALIZED_AUTOS = YES_AGGRESSIVE;
				GCC_WARN_UNUSED_FUNCTION = YES;
				GCC_WARN_UNUSED_VARIABLE = YES;
				IPHONEOS_DEPLOYMENT_TARGET = 10.3;
				MTL_ENABLE_DEBUG_INFO = YES;
				ONLY_ACTIVE_ARCH = YES;
				SDKROOT = iphoneos;
			};
			name = Debug;
		};
		449B3DD91EE6890900661FA7 /* Release */ = {
			isa = XCBuildConfiguration;
			buildSettings = {
				ALWAYS_SEARCH_USER_PATHS = NO;
				CLANG_ANALYZER_NONNULL = YES;
				CLANG_ANALYZER_NUMBER_OBJECT_CONVERSION = YES_AGGRESSIVE;
				CLANG_CXX_LANGUAGE_STANDARD = "gnu++0x";
				CLANG_CXX_LIBRARY = "libc++";
				CLANG_ENABLE_MODULES = YES;
				CLANG_ENABLE_OBJC_ARC = YES;
				CLANG_WARN_BOOL_CONVERSION = YES;
				CLANG_WARN_CONSTANT_CONVERSION = YES;
				CLANG_WARN_DIRECT_OBJC_ISA_USAGE = YES_ERROR;
				CLANG_WARN_DOCUMENTATION_COMMENTS = YES;
				CLANG_WARN_EMPTY_BODY = YES;
				CLANG_WARN_ENUM_CONVERSION = YES;
				CLANG_WARN_INFINITE_RECURSION = YES;
				CLANG_WARN_INT_CONVERSION = YES;
				CLANG_WARN_OBJC_ROOT_CLASS = YES_ERROR;
				CLANG_WARN_SUSPICIOUS_MOVE = YES;
				CLANG_WARN_UNREACHABLE_CODE = YES;
				CLANG_WARN__DUPLICATE_METHOD_MATCH = YES;
				"CODE_SIGN_IDENTITY[sdk=iphoneos*]" = "iPhone Developer";
				COPY_PHASE_STRIP = NO;
				DEBUG_INFORMATION_FORMAT = "dwarf-with-dsym";
				ENABLE_NS_ASSERTIONS = NO;
				ENABLE_STRICT_OBJC_MSGSEND = YES;
				GCC_C_LANGUAGE_STANDARD = gnu99;
				GCC_NO_COMMON_BLOCKS = YES;
				GCC_WARN_64_TO_32_BIT_CONVERSION = YES;
				GCC_WARN_ABOUT_RETURN_TYPE = YES_ERROR;
				GCC_WARN_UNDECLARED_SELECTOR = YES;
				GCC_WARN_UNINITIALIZED_AUTOS = YES_AGGRESSIVE;
				GCC_WARN_UNUSED_FUNCTION = YES;
				GCC_WARN_UNUSED_VARIABLE = YES;
				IPHONEOS_DEPLOYMENT_TARGET = 10.3;
				MTL_ENABLE_DEBUG_INFO = NO;
				SDKROOT = iphoneos;
				VALIDATE_PRODUCT = YES;
			};
			name = Release;
		};
		449B3DDB1EE6890900661FA7 /* Debug */ = {
			isa = XCBuildConfiguration;
			buildSettings = {
				ASSETCATALOG_COMPILER_APPICON_NAME = AppIcon;
				INFOPLIST_FILE = DrawerDemo/Info.plist;
				LD_RUNPATH_SEARCH_PATHS = "$(inherited) @executable_path/Frameworks";
				PRODUCT_BUNDLE_IDENTIFIER = customDrawer.DrawerDemo;
				PRODUCT_NAME = "$(TARGET_NAME)";
			};
			name = Debug;
		};
		449B3DDC1EE6890900661FA7 /* Release */ = {
			isa = XCBuildConfiguration;
			buildSettings = {
				ASSETCATALOG_COMPILER_APPICON_NAME = AppIcon;
				INFOPLIST_FILE = DrawerDemo/Info.plist;
				LD_RUNPATH_SEARCH_PATHS = "$(inherited) @executable_path/Frameworks";
				PRODUCT_BUNDLE_IDENTIFIER = customDrawer.DrawerDemo;
				PRODUCT_NAME = "$(TARGET_NAME)";
			};
			name = Release;
		};
		449B3DDE1EE6890900661FA7 /* Debug */ = {
			isa = XCBuildConfiguration;
			buildSettings = {
				BUNDLE_LOADER = "$(TEST_HOST)";
				INFOPLIST_FILE = DrawerDemoTests/Info.plist;
				LD_RUNPATH_SEARCH_PATHS = "$(inherited) @executable_path/Frameworks @loader_path/Frameworks";
				PRODUCT_BUNDLE_IDENTIFIER = customDrawer.DrawerDemoTests;
				PRODUCT_NAME = "$(TARGET_NAME)";
				TEST_HOST = "$(BUILT_PRODUCTS_DIR)/DrawerDemo.app/DrawerDemo";
			};
			name = Debug;
		};
		449B3DDF1EE6890900661FA7 /* Release */ = {
			isa = XCBuildConfiguration;
			buildSettings = {
				BUNDLE_LOADER = "$(TEST_HOST)";
				INFOPLIST_FILE = DrawerDemoTests/Info.plist;
				LD_RUNPATH_SEARCH_PATHS = "$(inherited) @executable_path/Frameworks @loader_path/Frameworks";
				PRODUCT_BUNDLE_IDENTIFIER = customDrawer.DrawerDemoTests;
				PRODUCT_NAME = "$(TARGET_NAME)";
				TEST_HOST = "$(BUILT_PRODUCTS_DIR)/DrawerDemo.app/DrawerDemo";
			};
			name = Release;
		};
		449B3DE11EE6890900661FA7 /* Debug */ = {
			isa = XCBuildConfiguration;
			buildSettings = {
				INFOPLIST_FILE = DrawerDemoUITests/Info.plist;
				LD_RUNPATH_SEARCH_PATHS = "$(inherited) @executable_path/Frameworks @loader_path/Frameworks";
				PRODUCT_BUNDLE_IDENTIFIER = customDrawer.DrawerDemoUITests;
				PRODUCT_NAME = "$(TARGET_NAME)";
				TEST_TARGET_NAME = DrawerDemo;
			};
			name = Debug;
		};
		449B3DE21EE6890900661FA7 /* Release */ = {
			isa = XCBuildConfiguration;
			buildSettings = {
				INFOPLIST_FILE = DrawerDemoUITests/Info.plist;
				LD_RUNPATH_SEARCH_PATHS = "$(inherited) @executable_path/Frameworks @loader_path/Frameworks";
				PRODUCT_BUNDLE_IDENTIFIER = customDrawer.DrawerDemoUITests;
				PRODUCT_NAME = "$(TARGET_NAME)";
				TEST_TARGET_NAME = DrawerDemo;
			};
			name = Release;
		};
/* End XCBuildConfiguration section */

/* Begin XCConfigurationList section */
		449B3DA81EE6890800661FA7 /* Build configuration list for PBXProject "DrawerDemo" */ = {
			isa = XCConfigurationList;
			buildConfigurations = (
				449B3DD81EE6890900661FA7 /* Debug */,
				449B3DD91EE6890900661FA7 /* Release */,
			);
			defaultConfigurationIsVisible = 0;
			defaultConfigurationName = Release;
		};
		449B3DDA1EE6890900661FA7 /* Build configuration list for PBXNativeTarget "DrawerDemo" */ = {
			isa = XCConfigurationList;
			buildConfigurations = (
				449B3DDB1EE6890900661FA7 /* Debug */,
				449B3DDC1EE6890900661FA7 /* Release */,
			);
			defaultConfigurationIsVisible = 0;
		};
		449B3DDD1EE6890900661FA7 /* Build configuration list for PBXNativeTarget "DrawerDemoTests" */ = {
			isa = XCConfigurationList;
			buildConfigurations = (
				449B3DDE1EE6890900661FA7 /* Debug */,
				449B3DDF1EE6890900661FA7 /* Release */,
			);
			defaultConfigurationIsVisible = 0;
		};
		449B3DE01EE6890900661FA7 /* Build configuration list for PBXNativeTarget "DrawerDemoUITests" */ = {
			isa = XCConfigurationList;
			buildConfigurations = (
				449B3DE11EE6890900661FA7 /* Debug */,
				449B3DE21EE6890900661FA7 /* Release */,
			);
			defaultConfigurationIsVisible = 0;
		};
/* End XCConfigurationList section */
	};
	rootObject = 449B3DA51EE6890800661FA7 /* Project object */;
}
